
Microsoft Visual Studio Solution File, Format Version 12.00
# Visual Studio Version 17
VisualStudioVersion = 17.5.33530.505
MinimumVisualStudioVersion = 10.0.40219.1
Project("{FAE04EC0-301F-11D3-BF4B-00C04F79EFBC}") = "ToDoList", "ToDoList\ToDoList.csproj", "{FDA37254-CD1C-427E-A5EB-F7C1DF8F83F9}"
EndProject
Global
	GlobalSection(SolutionConfigurationPlatforms) = preSolution
		Debug|Any CPU = Debug|Any CPU
		Release|Any CPU = Release|Any CPU
	EndGlobalSection
	GlobalSection(ProjectConfigurationPlatforms) = postSolution
		{FDA37254-CD1C-427E-A5EB-F7C1DF8F83F9}.Debug|Any CPU.ActiveCfg = Debug|Any CPU
		{FDA37254-CD1C-427E-A5EB-F7C1DF8F83F9}.Debug|Any CPU.Build.0 = Debug|Any CPU
		{FDA37254-CD1C-427E-A5EB-F7C1DF8F83F9}.Release|Any CPU.ActiveCfg = Release|Any CPU
		{FDA37254-CD1C-427E-A5EB-F7C1DF8F83F9}.Release|Any CPU.Build.0 = Release|Any CPU
	EndGlobalSection
	GlobalSection(SolutionProperties) = preSolution
		HideSolutionNode = FALSE
	EndGlobalSection
	GlobalSection(ExtensibilityGlobals) = postSolution
		SolutionGuid = {41DB947D-2E5E-4F2A-B09B-DE4836F68EED}
	EndGlobalSection
EndGlobal
